<?xml version="1.0" encoding="utf-8"?>
<Project ToolsVersion="4.0" xmlns="http://schemas.microsoft.com/developer/msbuild/2003">
  <ItemGroup>
    <Filter Include="Resource Files">
      <UniqueIdentifier>{67DA6AB6-F800-4c08-8B7A-83BB121AAD01}</UniqueIdentifier>
      <Extensions>rc;ico;cur;bmp;dlg;rc2;rct;bin;rgs;gif;jpg;jpeg;jpe;resx;tiff;tif;png;wav;mfcribbon-ms</Extensions>
    </Filter>
    <Filter Include="GameEngine">
      <UniqueIdentifier>{f5a8b31e-8777-48bc-9559-8347f105f08e}</UniqueIdentifier>
    </Filter>
    <Filter Include="DirectXClasses">
      <UniqueIdentifier>{183b9c4e-7121-420c-94b8-c02053192a3b}</UniqueIdentifier>
    </Filter>
    <Filter Include="DirectXClasses\Buffers">
      <UniqueIdentifier>{b26a8bec-7134-4fa1-a100-bb073267ea4c}</UniqueIdentifier>
    </Filter>
    <Filter Include="GameEngine\Graphics">
      <UniqueIdentifier>{b31fa7ef-6bd0-4833-8678-860ba0e513f9}</UniqueIdentifier>
    </Filter>
    <Filter Include="WindowsSystem">
      <UniqueIdentifier>{1d4a7c30-e080-4e2d-98f6-96082f5bac79}</UniqueIdentifier>
    </Filter>
    <Filter Include="GameEngine\Components">
      <UniqueIdentifier>{89f9f87e-a98b-43a7-969d-0eda36f6401d}</UniqueIdentifier>
    </Filter>
    <Filter Include="GameEngine\Components\Renderer">
      <UniqueIdentifier>{5a71a623-5116-443f-bc47-ecd6b8420003}</UniqueIdentifier>
    </Filter>
    <Filter Include="GameEngine\GameObjects">
      <UniqueIdentifier>{6ba11f8d-b702-41a6-af98-6e3bc852a45a}</UniqueIdentifier>
    </Filter>
    <Filter Include="GameEngine\Managers">
      <UniqueIdentifier>{2ff1e43b-3973-41d0-8391-ebdcf5072ee7}</UniqueIdentifier>
    </Filter>
    <Filter Include="GameEngine\Meshes">
      <UniqueIdentifier>{a7958416-dc9c-4f9c-8c41-0010542604f8}</UniqueIdentifier>
    </Filter>
    <Filter Include="Shaders">
      <UniqueIdentifier>{4cbf040a-27dd-48c6-8fa1-e80397905657}</UniqueIdentifier>
    </Filter>
    <Filter Include="GameEngine\GameObjects\Primitives">
      <UniqueIdentifier>{50d02913-8377-4dea-9301-56f4446de050}</UniqueIdentifier>
    </Filter>
    <Filter Include="GameEngine\Components\Camera">
      <UniqueIdentifier>{e43d8e90-b56b-4dd8-8f09-e2328695a0e6}</UniqueIdentifier>
    </Filter>
    <Filter Include="GameEngine\Components\Scripts">
      <UniqueIdentifier>{c1401415-0581-4e3e-b1e6-5b1726de29ef}</UniqueIdentifier>
    </Filter>
    <Filter Include="EditorGUI">
      <UniqueIdentifier>{ad0414d4-2f32-4698-8780-73d55028e395}</UniqueIdentifier>
    </Filter>
    <Filter Include="DearIMGUI">
      <UniqueIdentifier>{034a65b2-4e77-4b53-bbb3-87e7afc99218}</UniqueIdentifier>
    </Filter>
    <Filter Include="GameEngine\Graphics\Materials">
      <UniqueIdentifier>{7613b788-4d97-4a6a-aeac-35a7b3dc189d}</UniqueIdentifier>
    </Filter>
    <Filter Include="GameEngine\Components\Physics">
      <UniqueIdentifier>{31bed144-7b03-43d0-a452-b6b6f3c45f79}</UniqueIdentifier>
    </Filter>
    <Filter Include="EditorActions">
      <UniqueIdentifier>{17738e2c-7b00-441f-9142-91112bf6d076}</UniqueIdentifier>
    </Filter>
  </ItemGroup>
  <ItemGroup>
    <ClCompile Include="Code\WinMain.cpp" />
    <ClCompile Include="Code\WindowsMessageMap.cpp" />
    <ClCompile Include="Code\GameEngine\Components\AComponent.cpp">
      <Filter>GameEngine\Components</Filter>
    </ClCompile>
    <ClCompile Include="Code\GameEngine\GameObjects\AGameObject.cpp">
      <Filter>GameEngine\GameObjects</Filter>
    </ClCompile>
    <ClCompile Include="Code\GameEngine\Components\Renderer\ARenderer.cpp">
      <Filter>GameEngine\Components\Renderer</Filter>
    </ClCompile>
    <ClCompile Include="Code\DirectXClasses\Buffers\ConstantBuffer.cpp">
      <Filter>DirectXClasses\Buffers</Filter>
    </ClCompile>
    <ClCompile Include="Code\GameEngine\GameObjects\EmptyGameObject.cpp">
      <Filter>GameEngine\GameObjects</Filter>
    </ClCompile>
    <ClCompile Include="Code\GameEngine\EngineTime.cpp">
      <Filter>GameEngine</Filter>
    </ClCompile>
    <ClCompile Include="Code\GameEngine\GameEngineWindow.cpp">
      <Filter>GameEngine</Filter>
    </ClCompile>
    <ClCompile Include="Code\GameEngine\Managers\GameObjectManager.cpp">
      <Filter>GameEngine\Managers</Filter>
    </ClCompile>
    <ClCompile Include="Code\GameEngine\Graphics\GraphicsEngine.cpp">
      <Filter>GameEngine\Graphics</Filter>
    </ClCompile>
    <ClCompile Include="Code\DirectXClasses\Buffers\IndexBuffer.cpp">
      <Filter>DirectXClasses\Buffers</Filter>
    </ClCompile>
    <ClCompile Include="Code\GameEngine\Components\Renderer\MeshRenderer.cpp">
      <Filter>GameEngine\Components\Renderer</Filter>
    </ClCompile>
    <ClCompile Include="Code\DirectXClasses\Shader.cpp">
      <Filter>DirectXClasses</Filter>
    </ClCompile>
    <ClCompile Include="Code\GameEngine\Graphics\ShaderManager.cpp">
      <Filter>GameEngine\Graphics</Filter>
    </ClCompile>
    <ClCompile Include="Code\DirectXClasses\SwapChain.cpp">
      <Filter>DirectXClasses</Filter>
    </ClCompile>
    <ClCompile Include="Code\GameEngine\Components\Transform.cpp">
      <Filter>GameEngine\Components</Filter>
    </ClCompile>
    <ClCompile Include="Code\DirectXClasses\Buffers\VertexBuffer.cpp">
      <Filter>DirectXClasses\Buffers</Filter>
    </ClCompile>
    <ClCompile Include="Code\WindowSystem\Window.cpp">
      <Filter>WindowsSystem</Filter>
    </ClCompile>
    <ClCompile Include="Code\GameEngine\Components\Camera\Camera.cpp">
      <Filter>GameEngine\Components\Camera</Filter>
    </ClCompile>
    <ClCompile Include="Code\GameEngine\GameObjects\CameraObject.cpp">
      <Filter>GameEngine\GameObjects</Filter>
    </ClCompile>
    <ClCompile Include="Code\GameEngine\Graphics\CameraManager.cpp">
      <Filter>GameEngine\Graphics</Filter>
    </ClCompile>
    <ClCompile Include="Code\WindowSystem\Keyboard.cpp">
      <Filter>WindowsSystem</Filter>
    </ClCompile>
    <ClCompile Include="Code\WindowSystem\Mouse.cpp">
      <Filter>WindowsSystem</Filter>
    </ClCompile>
    <ClCompile Include="Code\GameEngine\Components\Scripts\FreeCameraScript.cpp">
      <Filter>GameEngine\Components\Scripts</Filter>
    </ClCompile>
    <ClCompile Include="Code\GameEngine\GameObjects\FreeCameraObject.cpp">
      <Filter>GameEngine\GameObjects</Filter>
    </ClCompile>
    <ClCompile Include="Code\GameEngine\Components\Scripts\CameraController.cpp">
      <Filter>GameEngine\Components\Scripts</Filter>
    </ClCompile>
    <ClCompile Include="Code\GameEngine\MathUtils.cpp">
      <Filter>GameEngine</Filter>
    </ClCompile>
    <ClCompile Include="Code\EditorGUI\EditorGUIManager.cpp">
      <Filter>EditorGUI</Filter>
    </ClCompile>
    <ClCompile Include="Code\EditorGUI\AUITab.cpp">
      <Filter>EditorGUI</Filter>
    </ClCompile>
    <ClCompile Include="Code\EditorGUI\CreditsTab.cpp">
      <Filter>EditorGUI</Filter>
    </ClCompile>
    <ClCompile Include="Code\EditorGUI\MenuTab.cpp">
      <Filter>EditorGUI</Filter>
    </ClCompile>
    <ClCompile Include="Code\EditorGUI\HierarchyTab.cpp">
      <Filter>EditorGUI</Filter>
    </ClCompile>
    <ClCompile Include="Code\EditorGUI\DockSpace.cpp">
      <Filter>EditorGUI</Filter>
    </ClCompile>
    <ClCompile Include="Code\EditorGUI\ColorPickerTab.cpp">
      <Filter>EditorGUI</Filter>
    </ClCompile>
    <ClCompile Include="Code\DirectXClasses\Texture.cpp">
      <Filter>DirectXClasses</Filter>
    </ClCompile>
    <ClCompile Include="Code\GameEngine\GameObjects\ModelObject.cpp">
      <Filter>GameEngine\GameObjects</Filter>
    </ClCompile>
    <ClCompile Include="Code\DirectXClasses\TextureSampler.cpp">
      <Filter>DirectXClasses</Filter>
    </ClCompile>
    <ClCompile Include="Code\GameEngine\Graphics\Materials\UnlitColorMaterial.cpp">
      <Filter>GameEngine\Graphics\Materials</Filter>
    </ClCompile>
    <ClCompile Include="Code\GameEngine\Graphics\Materials\LitTextureMaterial.cpp">
      <Filter>GameEngine\Graphics\Materials</Filter>
    </ClCompile>
    <ClCompile Include="Code\GameEngine\GameObjects\Primitives\PrimitiveObject.cpp">
      <Filter>GameEngine\GameObjects\Primitives</Filter>
    </ClCompile>
    <ClCompile Include="Code\EditorGUI\InspectorTab.cpp">
      <Filter>EditorGUI</Filter>
    </ClCompile>
    <ClCompile Include="packages\DearIMGUI\imgui.cpp">
      <Filter>DearIMGUI</Filter>
    </ClCompile>
    <ClCompile Include="packages\DearIMGUI\imgui_demo.cpp">
      <Filter>DearIMGUI</Filter>
    </ClCompile>
    <ClCompile Include="packages\DearIMGUI\imgui_draw.cpp">
      <Filter>DearIMGUI</Filter>
    </ClCompile>
    <ClCompile Include="packages\DearIMGUI\imgui_impl_dx11.cpp">
      <Filter>DearIMGUI</Filter>
    </ClCompile>
    <ClCompile Include="packages\DearIMGUI\imgui_impl_win32.cpp">
      <Filter>DearIMGUI</Filter>
    </ClCompile>
    <ClCompile Include="packages\DearIMGUI\imgui_stdlib.cpp">
      <Filter>DearIMGUI</Filter>
    </ClCompile>
    <ClCompile Include="packages\DearIMGUI\imgui_tables.cpp">
      <Filter>DearIMGUI</Filter>
    </ClCompile>
    <ClCompile Include="packages\DearIMGUI\imgui_widgets.cpp">
      <Filter>DearIMGUI</Filter>
    </ClCompile>
    <ClCompile Include="Code\GameEngine\Managers\PhysicsEngine.cpp">
      <Filter>GameEngine\Managers</Filter>
    </ClCompile>
    <ClCompile Include="Code\GameEngine\Components\Physics\Rigidbody3D.cpp">
      <Filter>GameEngine\Components\Physics</Filter>
    </ClCompile>
    <ClCompile Include="Code\GameEngine\Managers\MeshManager.cpp">
      <Filter>GameEngine\Managers</Filter>
    </ClCompile>
    <ClCompile Include="Code\GameEngine\GameObjects\PhysicsObject.cpp">
      <Filter>GameEngine\GameObjects</Filter>
    </ClCompile>
    <ClCompile Include="Code\GameEngine\Debug.cpp">
      <Filter>GameEngine</Filter>
    </ClCompile>
    <ClCompile Include="Code\EditorGUI\DebugLogUI.cpp">
      <Filter>EditorGUI</Filter>
    </ClCompile>
    <ClCompile Include="Code\GameEngine\Graphics\Materials\UnlitRainbowMaterial.cpp">
      <Filter>GameEngine\Graphics\Materials</Filter>
    </ClCompile>
    <ClCompile Include="Code\WindowSystem\FileDialogs.cpp">
      <Filter>WindowsSystem</Filter>
    </ClCompile>
    <ClCompile Include="Code\GameEngine\Managers\SceneManager.cpp">
      <Filter>GameEngine\Managers</Filter>
    </ClCompile>
    <ClCompile Include="Code\EditorStates\EditorActions\EditorAction.cpp">
      <Filter>EditorActions</Filter>
    </ClCompile>
    <ClCompile Include="Code\EditorStates\EditorActions\EditorActionHistory.cpp">
      <Filter>EditorActions</Filter>
    </ClCompile>
    <ClCompile Include="Code\EditorStates\EditorBackend.cpp">
      <Filter>EditorActions</Filter>
    </ClCompile>
    <ClCompile Include="Code\GameEngine\Managers\UnityParser.cpp" />
  </ItemGroup>
  <ItemGroup>
    <ClInclude Include="Code\WindowsMessageMap.h" />
    <ClInclude Include="Code\GameEngine\Components\AComponent.h">
      <Filter>GameEngine\Components</Filter>
    </ClInclude>
    <ClInclude Include="Code\GameEngine\GameObjects\AGameObject.h">
      <Filter>GameEngine\GameObjects</Filter>
    </ClInclude>
    <ClInclude Include="Code\DirectXClasses\AD3D11Object.h">
      <Filter>DirectXClasses</Filter>
    </ClInclude>
    <ClInclude Include="Code\GameEngine\Meshes\AMesh.h">
      <Filter>GameEngine\Meshes</Filter>
    </ClInclude>
    <ClInclude Include="Code\GameEngine\Components\Renderer\ARenderer.h">
      <Filter>GameEngine\Components\Renderer</Filter>
    </ClInclude>
    <ClInclude Include="Code\DirectXClasses\Buffers\BufferDataTypes.h">
      <Filter>DirectXClasses\Buffers</Filter>
    </ClInclude>
    <ClInclude Include="Code\DirectXClasses\Buffers\ConstantBuffer.h">
      <Filter>DirectXClasses\Buffers</Filter>
    </ClInclude>
    <ClInclude Include="Code\GameEngine\Meshes\CubeMesh.h">
      <Filter>GameEngine\Meshes</Filter>
    </ClInclude>
    <ClInclude Include="Code\GameEngine\Components\EComponentTypes.h">
      <Filter>GameEngine\Components</Filter>
    </ClInclude>
    <ClInclude Include="Code\GameEngine\GameObjects\EmptyGameObject.h">
      <Filter>GameEngine\GameObjects</Filter>
    </ClInclude>
    <ClInclude Include="Code\GameEngine\EngineTime.h">
      <Filter>GameEngine</Filter>
    </ClInclude>
    <ClInclude Include="Code\GameEngine\Meshes\EPrimitiveMeshTypes.h">
      <Filter>GameEngine\Meshes</Filter>
    </ClInclude>
    <ClInclude Include="Code\GameEngine\GameEngineWindow.h">
      <Filter>GameEngine</Filter>
    </ClInclude>
    <ClInclude Include="Code\GameEngine\Managers\GameObjectManager.h">
      <Filter>GameEngine\Managers</Filter>
    </ClInclude>
    <ClInclude Include="Code\GameEngine\Graphics\GraphicsEngine.h">
      <Filter>GameEngine\Graphics</Filter>
    </ClInclude>
    <ClInclude Include="Code\DirectXClasses\Buffers\IndexBuffer.h">
      <Filter>DirectXClasses\Buffers</Filter>
    </ClInclude>
    <ClInclude Include="Code\GameEngine\Components\Renderer\MeshRenderer.h">
      <Filter>GameEngine\Components\Renderer</Filter>
    </ClInclude>
    <ClInclude Include="Code\GameEngine\Meshes\QuadMesh.h">
      <Filter>GameEngine\Meshes</Filter>
    </ClInclude>
    <ClInclude Include="Code\DirectXClasses\Shader.h">
      <Filter>DirectXClasses</Filter>
    </ClInclude>
    <ClInclude Include="Code\GameEngine\Graphics\ShaderManager.h">
      <Filter>GameEngine\Graphics</Filter>
    </ClInclude>
    <ClInclude Include="Code\DirectXClasses\SwapChain.h">
      <Filter>DirectXClasses</Filter>
    </ClInclude>
    <ClInclude Include="Code\GameEngine\Components\Transform.h">
      <Filter>GameEngine\Components</Filter>
    </ClInclude>
    <ClInclude Include="Code\DirectXClasses\Buffers\VertexBuffer.h">
      <Filter>DirectXClasses\Buffers</Filter>
    </ClInclude>
    <ClInclude Include="Code\WindowSystem\Window.h">
      <Filter>WindowsSystem</Filter>
    </ClInclude>
    <ClInclude Include="Code\GameEngine\GameObjects\Primitives\CubeObject.h">
      <Filter>GameEngine\GameObjects\Primitives</Filter>
    </ClInclude>
    <ClInclude Include="Code\GameEngine\Components\Camera\Camera.h">
      <Filter>GameEngine\Components\Camera</Filter>
    </ClInclude>
    <ClInclude Include="Code\GameEngine\Components\Camera\EProjectionTypes.h">
      <Filter>GameEngine\Components\Camera</Filter>
    </ClInclude>
    <ClInclude Include="Code\GameEngine\Meshes\CircleMesh.h">
      <Filter>GameEngine\Meshes</Filter>
    </ClInclude>
    <ClInclude Include="Code\GameEngine\GameObjects\CameraObject.h">
      <Filter>GameEngine\GameObjects</Filter>
    </ClInclude>
    <ClInclude Include="Code\GameEngine\GameObjects\Primitives\CircleObject.h">
      <Filter>GameEngine\GameObjects\Primitives</Filter>
    </ClInclude>
    <ClInclude Include="Code\GameEngine\GameObjects\Primitives\QuadObject.h">
      <Filter>GameEngine\GameObjects\Primitives</Filter>
    </ClInclude>
    <ClInclude Include="Code\GameEngine\Meshes\PlaneMesh.h">
      <Filter>GameEngine\Meshes</Filter>
    </ClInclude>
    <ClInclude Include="Code\GameEngine\GameObjects\Primitives\PlaneObject.h">
      <Filter>GameEngine\GameObjects\Primitives</Filter>
    </ClInclude>
    <ClInclude Include="Code\GameEngine\Graphics\CameraManager.h">
      <Filter>GameEngine\Graphics</Filter>
    </ClInclude>
    <ClInclude Include="Code\WindowSystem\Keyboard.h">
      <Filter>WindowsSystem</Filter>
    </ClInclude>
    <ClInclude Include="Code\WindowSystem\Mouse.h">
      <Filter>WindowsSystem</Filter>
    </ClInclude>
    <ClInclude Include="Code\GameEngine\Components\Scripts\FreeCameraScript.h">
      <Filter>GameEngine\Components\Scripts</Filter>
    </ClInclude>
    <ClInclude Include="Code\GameEngine\GameObjects\FreeCameraObject.h">
      <Filter>GameEngine\GameObjects</Filter>
    </ClInclude>
    <ClInclude Include="Code\GameEngine\Meshes\ConeMesh.h">
      <Filter>GameEngine\Meshes</Filter>
    </ClInclude>
    <ClInclude Include="Code\GameEngine\GameObjects\Primitives\ConeObject.h">
      <Filter>GameEngine\GameObjects\Primitives</Filter>
    </ClInclude>
    <ClInclude Include="Code\GameEngine\Meshes\CylinderMesh.h">
      <Filter>GameEngine\Meshes</Filter>
    </ClInclude>
    <ClInclude Include="Code\GameEngine\GameObjects\Primitives\CylinderObject.h">
      <Filter>GameEngine\GameObjects\Primitives</Filter>
    </ClInclude>
    <ClInclude Include="Code\GameEngine\Components\Scripts\CameraController.h">
      <Filter>GameEngine\Components\Scripts</Filter>
    </ClInclude>
    <ClInclude Include="Code\GameEngine\Meshes\SphereMesh.h">
      <Filter>GameEngine\Meshes</Filter>
    </ClInclude>
    <ClInclude Include="Code\GameEngine\GameObjects\Primitives\SphereObject.h">
      <Filter>GameEngine\GameObjects\Primitives</Filter>
    </ClInclude>
    <ClInclude Include="Code\GameEngine\MathUtils.h">
      <Filter>GameEngine</Filter>
    </ClInclude>
    <ClInclude Include="Code\EditorGUI\EditorGUIManager.h">
      <Filter>EditorGUI</Filter>
    </ClInclude>
    <ClInclude Include="Code\EditorGUI\AUITab.h">
      <Filter>EditorGUI</Filter>
    </ClInclude>
    <ClInclude Include="Code\EditorGUI\CreditsTab.h">
      <Filter>EditorGUI</Filter>
    </ClInclude>
    <ClInclude Include="Code\EditorGUI\MenuTab.h">
      <Filter>EditorGUI</Filter>
    </ClInclude>
    <ClInclude Include="Code\EditorGUI\HierarchyTab.h">
      <Filter>EditorGUI</Filter>
    </ClInclude>
    <ClInclude Include="Code\EditorGUI\DockSpace.h">
      <Filter>EditorGUI</Filter>
    </ClInclude>
    <ClInclude Include="Code\EditorGUI\ColorPickerTab.h">
      <Filter>EditorGUI</Filter>
    </ClInclude>
    <ClInclude Include="Code\stb_image.h" />
    <ClInclude Include="Code\DirectXClasses\Texture.h">
      <Filter>DirectXClasses</Filter>
    </ClInclude>
    <ClInclude Include="Code\tiny_obj_loader.h" />
    <ClInclude Include="Code\GameEngine\GameObjects\ModelObject.h">
      <Filter>GameEngine\GameObjects</Filter>
    </ClInclude>
    <ClInclude Include="Code\DirectXClasses\TextureSampler.h">
      <Filter>DirectXClasses</Filter>
    </ClInclude>
    <ClInclude Include="Code\GameEngine\Graphics\Materials\AMaterial.h">
      <Filter>GameEngine\Graphics\Materials</Filter>
    </ClInclude>
    <ClInclude Include="Code\GameEngine\Graphics\Materials\UnlitColorMaterial.h">
      <Filter>GameEngine\Graphics\Materials</Filter>
    </ClInclude>
    <ClInclude Include="Code\GameEngine\Graphics\Materials\LitTextureMaterial.h">
      <Filter>GameEngine\Graphics\Materials</Filter>
    </ClInclude>
    <ClInclude Include="Code\GameEngine\GameObjects\Primitives\PrimitiveObject.h">
      <Filter>GameEngine\GameObjects\Primitives</Filter>
    </ClInclude>
    <ClInclude Include="Code\EditorGUI\InspectorTab.h">
      <Filter>EditorGUI</Filter>
    </ClInclude>
    <ClInclude Include="Code\EditorGUI\IRenderableUI.h">
      <Filter>EditorGUI</Filter>
    </ClInclude>
    <ClInclude Include="packages\DearIMGUI\imstb_truetype.h">
      <Filter>DearIMGUI</Filter>
    </ClInclude>
    <ClInclude Include="packages\DearIMGUI\imconfig.h">
      <Filter>DearIMGUI</Filter>
    </ClInclude>
    <ClInclude Include="packages\DearIMGUI\imgui.h">
      <Filter>DearIMGUI</Filter>
    </ClInclude>
    <ClInclude Include="packages\DearIMGUI\imgui_impl_dx11.h">
      <Filter>DearIMGUI</Filter>
    </ClInclude>
    <ClInclude Include="packages\DearIMGUI\imgui_impl_win32.h">
      <Filter>DearIMGUI</Filter>
    </ClInclude>
    <ClInclude Include="packages\DearIMGUI\imgui_internal.h">
      <Filter>DearIMGUI</Filter>
    </ClInclude>
    <ClInclude Include="packages\DearIMGUI\imgui_stdlib.h">
      <Filter>DearIMGUI</Filter>
    </ClInclude>
    <ClInclude Include="packages\DearIMGUI\imstb_rectpack.h">
      <Filter>DearIMGUI</Filter>
    </ClInclude>
    <ClInclude Include="packages\DearIMGUI\imstb_textedit.h">
      <Filter>DearIMGUI</Filter>
    </ClInclude>
    <ClInclude Include="Code\GameEngine\Managers\PhysicsEngine.h">
      <Filter>GameEngine\Managers</Filter>
    </ClInclude>
    <ClInclude Include="Code\GameEngine\Components\Physics\Rigidbody3D.h">
      <Filter>GameEngine\Components\Physics</Filter>
    </ClInclude>
    <ClInclude Include="Code\GameEngine\Managers\MeshManager.h">
      <Filter>GameEngine\Managers</Filter>
    </ClInclude>
    <ClInclude Include="Code\GameEngine\GameObjects\PhysicsObject.h">
      <Filter>GameEngine\GameObjects</Filter>
    </ClInclude>
    <ClInclude Include="Code\GameEngine\Debug.h">
      <Filter>GameEngine</Filter>
    </ClInclude>
    <ClInclude Include="Code\EditorGUI\DebugLogUI.h">
      <Filter>EditorGUI</Filter>
    </ClInclude>
    <ClInclude Include="Code\GameEngine\Graphics\Materials\UnlitRainbowMaterial.h">
      <Filter>GameEngine\Graphics\Materials</Filter>
    </ClInclude>
    <ClInclude Include="Code\WindowSystem\FileDialogs.h">
      <Filter>WindowsSystem</Filter>
    </ClInclude>
    <ClInclude Include="Code\GameEngine\Managers\SceneManager.h">
      <Filter>GameEngine\Managers</Filter>
    </ClInclude>
    <ClInclude Include="Code\EditorStates\EditorBackend.h">
      <Filter>EditorActions</Filter>
    </ClInclude>
    <ClInclude Include="Code\EditorStates\EditorActions\EditorAction.h">
      <Filter>EditorActions</Filter>
    </ClInclude>
    <ClInclude Include="Code\EditorStates\EditorActions\EditorActionHistory.h">
      <Filter>EditorActions</Filter>
    </ClInclude>
    <ClInclude Include="Code\GameEngine\Managers\UnityParser.h" />
  </ItemGroup>
  <ItemGroup>
    <FxCompile Include="Code\Shaders\VLitTextureShader.hlsl">
      <Filter>Shaders</Filter>
    </FxCompile>
    <FxCompile Include="Code\Shaders\PLitTextureShader.hlsl">
      <Filter>Shaders</Filter>
    </FxCompile>
    <FxCompile Include="Code\Shaders\VUnlitColorShader.hlsl">
      <Filter>Shaders</Filter>
    </FxCompile>
    <FxCompile Include="Code\Shaders\PUnlitColorShader.hlsl">
      <Filter>Shaders</Filter>
    </FxCompile>
    <FxCompile Include="Code\Shaders\VUnlitRainbowShader.hlsl">
      <Filter>Shaders</Filter>
    </FxCompile>
    <FxCompile Include="Code\Shaders\PUnlitRainbowShader.hlsl">
      <Filter>Shaders</Filter>
    </FxCompile>
  </ItemGroup>
  <ItemGroup>
    <None Include="packages.config" />
  </ItemGroup>
</Project>